
Microsoft Visual Studio Solution File, Format Version 12.00
# Visual Studio 14
VisualStudioVersion = 14.0.25123.0
MinimumVisualStudioVersion = 10.0.40219.1
Project("{2150E333-8FDC-42A3-9474-1A3956D46DE8}") = "Abstract Factory", "Abstract Factory", "{508F1825-4627-49B7-BE4F-995383EB1A2A}"
EndProject
Project("{FAE04EC0-301F-11D3-BF4B-00C04F79EFBC}") = "DesignPatterns.AbstractFactory.Simple", "DesignPatterns.AbstractFactory.Simple\DesignPatterns.AbstractFactory.Simple.csproj", "{F437F8EE-E5B0-4542-9769-1FAA5BD253EE}"
EndProject
Project("{FAE04EC0-301F-11D3-BF4B-00C04F79EFBC}") = "DesignPatterns.AbstractFactory.Sample", "DesignPatterns.AbstractFactory.Sample\DesignPatterns.AbstractFactory.Sample.csproj", "{6CE3AC0A-50F3-45AD-8CB7-7826A8D109E0}"
EndProject
Project("{2150E333-8FDC-42A3-9474-1A3956D46DE8}") = "Implementations", "Implementations", "{528456C4-829F-4448-97F8-91D587B67FE7}"
EndProject
Project("{2150E333-8FDC-42A3-9474-1A3956D46DE8}") = "CreationalPatterns", "CreationalPatterns", "{9E4BBB0B-BD89-4C3F-A0F6-CD5010C5CA65}"
EndProject
Project("{2150E333-8FDC-42A3-9474-1A3956D46DE8}") = "Factory Method", "Factory Method", "{9DE15585-ED6F-457C-BA85-55420A300EFB}"
EndProject
Project("{2150E333-8FDC-42A3-9474-1A3956D46DE8}") = "Implementations", "Implementations", "{2CE64EF7-ED96-4CB9-AC8E-69B5A33537A4}"
EndProject
Project("{FAE04EC0-301F-11D3-BF4B-00C04F79EFBC}") = "CreationalPatterns.FactoryMethod.Implementation", "CreationalPatterns.FactoryMethod.Implementation\CreationalPatterns.FactoryMethod.Implementation.csproj", "{E8101BC1-E2A8-4707-939F-24917ED0F265}"
EndProject
Project("{FAE04EC0-301F-11D3-BF4B-00C04F79EFBC}") = "CreationalPatterns.FactoryMethod.Sample", "CreationalPatterns.FactoryMethod.Sample\CreationalPatterns.FactoryMethod.Sample.csproj", "{50FD276B-7DEB-4925-B180-5A7AE98D85AB}"
EndProject
Project("{2150E333-8FDC-42A3-9474-1A3956D46DE8}") = "Builder", "Builder", "{7AE2524D-6DBF-49AC-B505-17DFC24F6DD9}"
EndProject
Project("{2150E333-8FDC-42A3-9474-1A3956D46DE8}") = "Implementation", "Implementation", "{88593CC6-D345-4B63-AB96-49C6842D07D0}"
EndProject
Project("{FAE04EC0-301F-11D3-BF4B-00C04F79EFBC}") = "CreationalPatterns.Builder.Implementation", "CreationalPatterns.Builder.Implementation\CreationalPatterns.Builder.Implementation.csproj", "{BE5601AD-BBE0-4DF3-8948-7A06CBDB43B0}"
EndProject
Project("{FAE04EC0-301F-11D3-BF4B-00C04F79EFBC}") = "CreationalPattern.Builder.Sample", "CreationalPattern.Builder.Sample\CreationalPattern.Builder.Sample.csproj", "{AF54F3D0-6B53-43E4-8BBB-EA8BCBF9DAAE}"
EndProject
Global
	GlobalSection(SolutionConfigurationPlatforms) = preSolution
		Debug|Any CPU = Debug|Any CPU
		Release|Any CPU = Release|Any CPU
	EndGlobalSection
	GlobalSection(ProjectConfigurationPlatforms) = postSolution
		{F437F8EE-E5B0-4542-9769-1FAA5BD253EE}.Debug|Any CPU.ActiveCfg = Debug|Any CPU
		{F437F8EE-E5B0-4542-9769-1FAA5BD253EE}.Debug|Any CPU.Build.0 = Debug|Any CPU
		{F437F8EE-E5B0-4542-9769-1FAA5BD253EE}.Release|Any CPU.ActiveCfg = Release|Any CPU
		{F437F8EE-E5B0-4542-9769-1FAA5BD253EE}.Release|Any CPU.Build.0 = Release|Any CPU
		{6CE3AC0A-50F3-45AD-8CB7-7826A8D109E0}.Debug|Any CPU.ActiveCfg = Debug|Any CPU
		{6CE3AC0A-50F3-45AD-8CB7-7826A8D109E0}.Debug|Any CPU.Build.0 = Debug|Any CPU
		{6CE3AC0A-50F3-45AD-8CB7-7826A8D109E0}.Release|Any CPU.ActiveCfg = Release|Any CPU
		{6CE3AC0A-50F3-45AD-8CB7-7826A8D109E0}.Release|Any CPU.Build.0 = Release|Any CPU
		{E8101BC1-E2A8-4707-939F-24917ED0F265}.Debug|Any CPU.ActiveCfg = Debug|Any CPU
		{E8101BC1-E2A8-4707-939F-24917ED0F265}.Debug|Any CPU.Build.0 = Debug|Any CPU
		{E8101BC1-E2A8-4707-939F-24917ED0F265}.Release|Any CPU.ActiveCfg = Release|Any CPU
		{E8101BC1-E2A8-4707-939F-24917ED0F265}.Release|Any CPU.Build.0 = Release|Any CPU
		{50FD276B-7DEB-4925-B180-5A7AE98D85AB}.Debug|Any CPU.ActiveCfg = Debug|Any CPU
		{50FD276B-7DEB-4925-B180-5A7AE98D85AB}.Debug|Any CPU.Build.0 = Debug|Any CPU
		{50FD276B-7DEB-4925-B180-5A7AE98D85AB}.Release|Any CPU.ActiveCfg = Release|Any CPU
		{50FD276B-7DEB-4925-B180-5A7AE98D85AB}.Release|Any CPU.Build.0 = Release|Any CPU
		{BE5601AD-BBE0-4DF3-8948-7A06CBDB43B0}.Debug|Any CPU.ActiveCfg = Debug|Any CPU
		{BE5601AD-BBE0-4DF3-8948-7A06CBDB43B0}.Debug|Any CPU.Build.0 = Debug|Any CPU
		{BE5601AD-BBE0-4DF3-8948-7A06CBDB43B0}.Release|Any CPU.ActiveCfg = Release|Any CPU
		{BE5601AD-BBE0-4DF3-8948-7A06CBDB43B0}.Release|Any CPU.Build.0 = Release|Any CPU
		{AF54F3D0-6B53-43E4-8BBB-EA8BCBF9DAAE}.Debug|Any CPU.ActiveCfg = Debug|Any CPU
		{AF54F3D0-6B53-43E4-8BBB-EA8BCBF9DAAE}.Debug|Any CPU.Build.0 = Debug|Any CPU
		{AF54F3D0-6B53-43E4-8BBB-EA8BCBF9DAAE}.Release|Any CPU.ActiveCfg = Release|Any CPU
		{AF54F3D0-6B53-43E4-8BBB-EA8BCBF9DAAE}.Release|Any CPU.Build.0 = Release|Any CPU
	EndGlobalSection
	GlobalSection(SolutionProperties) = preSolution
		HideSolutionNode = FALSE
	EndGlobalSection
	GlobalSection(NestedProjects) = preSolution
		{508F1825-4627-49B7-BE4F-995383EB1A2A} = {9E4BBB0B-BD89-4C3F-A0F6-CD5010C5CA65}
		{F437F8EE-E5B0-4542-9769-1FAA5BD253EE} = {528456C4-829F-4448-97F8-91D587B67FE7}
		{6CE3AC0A-50F3-45AD-8CB7-7826A8D109E0} = {508F1825-4627-49B7-BE4F-995383EB1A2A}
		{528456C4-829F-4448-97F8-91D587B67FE7} = {508F1825-4627-49B7-BE4F-995383EB1A2A}
		{9DE15585-ED6F-457C-BA85-55420A300EFB} = {9E4BBB0B-BD89-4C3F-A0F6-CD5010C5CA65}
		{2CE64EF7-ED96-4CB9-AC8E-69B5A33537A4} = {9DE15585-ED6F-457C-BA85-55420A300EFB}
		{E8101BC1-E2A8-4707-939F-24917ED0F265} = {2CE64EF7-ED96-4CB9-AC8E-69B5A33537A4}
		{50FD276B-7DEB-4925-B180-5A7AE98D85AB} = {9DE15585-ED6F-457C-BA85-55420A300EFB}
		{7AE2524D-6DBF-49AC-B505-17DFC24F6DD9} = {9E4BBB0B-BD89-4C3F-A0F6-CD5010C5CA65}
		{88593CC6-D345-4B63-AB96-49C6842D07D0} = {7AE2524D-6DBF-49AC-B505-17DFC24F6DD9}
		{BE5601AD-BBE0-4DF3-8948-7A06CBDB43B0} = {88593CC6-D345-4B63-AB96-49C6842D07D0}
		{AF54F3D0-6B53-43E4-8BBB-EA8BCBF9DAAE} = {7AE2524D-6DBF-49AC-B505-17DFC24F6DD9}
	EndGlobalSection
EndGlobal
