
Microsoft Visual Studio Solution File, Format Version 12.00
# Visual Studio 14
VisualStudioVersion = 14.0.25123.0
MinimumVisualStudioVersion = 10.0.40219.1
Project("{2150E333-8FDC-42A3-9474-1A3956D46DE8}") = "Abstract Factory", "Abstract Factory", "{508F1825-4627-49B7-BE4F-995383EB1A2A}"
EndProject
Project("{FAE04EC0-301F-11D3-BF4B-00C04F79EFBC}") = "DesignPatterns.AbstractFactory.Simple", "DesignPatterns.AbstractFactory.Simple\DesignPatterns.AbstractFactory.Simple.csproj", "{F437F8EE-E5B0-4542-9769-1FAA5BD253EE}"
EndProject
Project("{FAE04EC0-301F-11D3-BF4B-00C04F79EFBC}") = "DesignPatterns.AbstractFactory.Sample", "DesignPatterns.AbstractFactory.Sample\DesignPatterns.AbstractFactory.Sample.csproj", "{6CE3AC0A-50F3-45AD-8CB7-7826A8D109E0}"
EndProject
Project("{2150E333-8FDC-42A3-9474-1A3956D46DE8}") = "Implementations", "Implementations", "{528456C4-829F-4448-97F8-91D587B67FE7}"
EndProject
Project("{2150E333-8FDC-42A3-9474-1A3956D46DE8}") = "CreationalPatterns", "CreationalPatterns", "{9E4BBB0B-BD89-4C3F-A0F6-CD5010C5CA65}"
EndProject
Global
	GlobalSection(SolutionConfigurationPlatforms) = preSolution
		Debug|Any CPU = Debug|Any CPU
		Release|Any CPU = Release|Any CPU
	EndGlobalSection
	GlobalSection(ProjectConfigurationPlatforms) = postSolution
		{F437F8EE-E5B0-4542-9769-1FAA5BD253EE}.Debug|Any CPU.ActiveCfg = Debug|Any CPU
		{F437F8EE-E5B0-4542-9769-1FAA5BD253EE}.Debug|Any CPU.Build.0 = Debug|Any CPU
		{F437F8EE-E5B0-4542-9769-1FAA5BD253EE}.Release|Any CPU.ActiveCfg = Release|Any CPU
		{F437F8EE-E5B0-4542-9769-1FAA5BD253EE}.Release|Any CPU.Build.0 = Release|Any CPU
		{6CE3AC0A-50F3-45AD-8CB7-7826A8D109E0}.Debug|Any CPU.ActiveCfg = Debug|Any CPU
		{6CE3AC0A-50F3-45AD-8CB7-7826A8D109E0}.Debug|Any CPU.Build.0 = Debug|Any CPU
		{6CE3AC0A-50F3-45AD-8CB7-7826A8D109E0}.Release|Any CPU.ActiveCfg = Release|Any CPU
		{6CE3AC0A-50F3-45AD-8CB7-7826A8D109E0}.Release|Any CPU.Build.0 = Release|Any CPU
	EndGlobalSection
	GlobalSection(SolutionProperties) = preSolution
		HideSolutionNode = FALSE
	EndGlobalSection
	GlobalSection(NestedProjects) = preSolution
		{508F1825-4627-49B7-BE4F-995383EB1A2A} = {9E4BBB0B-BD89-4C3F-A0F6-CD5010C5CA65}
		{F437F8EE-E5B0-4542-9769-1FAA5BD253EE} = {528456C4-829F-4448-97F8-91D587B67FE7}
		{6CE3AC0A-50F3-45AD-8CB7-7826A8D109E0} = {508F1825-4627-49B7-BE4F-995383EB1A2A}
		{528456C4-829F-4448-97F8-91D587B67FE7} = {508F1825-4627-49B7-BE4F-995383EB1A2A}
	EndGlobalSection
EndGlobal
